
Microsoft Visual Studio Solution File, Format Version 12.00
# Visual Studio Version 17
VisualStudioVersion = 17.4.32804.182
MinimumVisualStudioVersion = 10.0.40219.1
Project("{8BC9CEB8-8B4A-11D0-8D11-00A0C91BC942}") = "Steroids", "Steroids\Steroids.vcxproj", "{4D3BDB8D-3AA7-4E67-9632-D9A03BF9D1F4}"
EndProject
Project("{2150E333-8FDC-42A3-9474-1A3956D46DE8}") = "Project", "Project", "{EA9476F1-A309-47BE-A607-34DE3E2664FD}"
EndProject
Project("{FAE04EC0-301F-11D3-BF4B-00C04F79EFBC}") = "Steroids App", "Steroids App\Steroids App.csproj", "{E1AFABF4-BF29-4974-9A14-092F1E1EAA04}"
EndProject
Project("{8BC9CEB8-8B4A-11D0-8D11-00A0C91BC942}") = "Steroids Launcher", "Steroids Launcher\Steroids Launcher.vcxproj", "{B2621309-B7B5-47C1-9E64-04295FB71683}"
EndProject
Project("{9A19103F-16F7-4668-BE54-9A1E7A4F7556}") = "Steroids SDK", "Steroids SDK\Steroids SDK.csproj", "{3F15D354-3969-47EF-A13E-E20FC584DDBD}"
EndProject
Project("{FAE04EC0-301F-11D3-BF4B-00C04F79EFBC}") = "Steroids Universal SDK", "Steroids Universal SDK\Steroids Universal SDK.csproj", "{5483BF14-83EE-4023-B1F5-038F38EDFB06}"
EndProject
Project("{8BC9CEB8-8B4A-11D0-8D11-00A0C91BC942}") = "Steroids Core", "Steroids Core\Steroids Core.vcxproj", "{65E1D383-CDA6-41FE-A391-2BA7644F4AC7}"
EndProject
Global
	GlobalSection(SolutionConfigurationPlatforms) = preSolution
		Debug|Any CPU = Debug|Any CPU
		Debug|ARM = Debug|ARM
		Debug|ARM64 = Debug|ARM64
		Debug|x64 = Debug|x64
		Debug|x86 = Debug|x86
		Release|Any CPU = Release|Any CPU
		Release|ARM = Release|ARM
		Release|ARM64 = Release|ARM64
		Release|x64 = Release|x64
		Release|x86 = Release|x86
	EndGlobalSection
	GlobalSection(ProjectConfigurationPlatforms) = postSolution
		{4D3BDB8D-3AA7-4E67-9632-D9A03BF9D1F4}.Debug|Any CPU.ActiveCfg = Debug|x64
		{4D3BDB8D-3AA7-4E67-9632-D9A03BF9D1F4}.Debug|Any CPU.Build.0 = Debug|x64
		{4D3BDB8D-3AA7-4E67-9632-D9A03BF9D1F4}.Debug|Any CPU.Deploy.0 = Debug|x64
		{4D3BDB8D-3AA7-4E67-9632-D9A03BF9D1F4}.Debug|ARM.ActiveCfg = Debug|x64
		{4D3BDB8D-3AA7-4E67-9632-D9A03BF9D1F4}.Debug|ARM.Build.0 = Debug|x64
		{4D3BDB8D-3AA7-4E67-9632-D9A03BF9D1F4}.Debug|ARM.Deploy.0 = Debug|x64
		{4D3BDB8D-3AA7-4E67-9632-D9A03BF9D1F4}.Debug|ARM64.ActiveCfg = Debug|ARM64
		{4D3BDB8D-3AA7-4E67-9632-D9A03BF9D1F4}.Debug|ARM64.Build.0 = Debug|ARM64
		{4D3BDB8D-3AA7-4E67-9632-D9A03BF9D1F4}.Debug|ARM64.Deploy.0 = Debug|ARM64
		{4D3BDB8D-3AA7-4E67-9632-D9A03BF9D1F4}.Debug|x64.ActiveCfg = Debug|x64
		{4D3BDB8D-3AA7-4E67-9632-D9A03BF9D1F4}.Debug|x64.Build.0 = Debug|x64
		{4D3BDB8D-3AA7-4E67-9632-D9A03BF9D1F4}.Debug|x64.Deploy.0 = Debug|x64
		{4D3BDB8D-3AA7-4E67-9632-D9A03BF9D1F4}.Debug|x86.ActiveCfg = Debug|x64
		{4D3BDB8D-3AA7-4E67-9632-D9A03BF9D1F4}.Debug|x86.Build.0 = Debug|x64
		{4D3BDB8D-3AA7-4E67-9632-D9A03BF9D1F4}.Debug|x86.Deploy.0 = Debug|x64
		{4D3BDB8D-3AA7-4E67-9632-D9A03BF9D1F4}.Release|Any CPU.ActiveCfg = Release|x64
		{4D3BDB8D-3AA7-4E67-9632-D9A03BF9D1F4}.Release|Any CPU.Build.0 = Release|x64
		{4D3BDB8D-3AA7-4E67-9632-D9A03BF9D1F4}.Release|Any CPU.Deploy.0 = Release|x64
		{4D3BDB8D-3AA7-4E67-9632-D9A03BF9D1F4}.Release|ARM.ActiveCfg = Release|x64
		{4D3BDB8D-3AA7-4E67-9632-D9A03BF9D1F4}.Release|ARM.Build.0 = Release|x64
		{4D3BDB8D-3AA7-4E67-9632-D9A03BF9D1F4}.Release|ARM.Deploy.0 = Release|x64
		{4D3BDB8D-3AA7-4E67-9632-D9A03BF9D1F4}.Release|ARM64.ActiveCfg = Release|ARM64
		{4D3BDB8D-3AA7-4E67-9632-D9A03BF9D1F4}.Release|ARM64.Build.0 = Release|ARM64
		{4D3BDB8D-3AA7-4E67-9632-D9A03BF9D1F4}.Release|ARM64.Deploy.0 = Release|ARM64
		{4D3BDB8D-3AA7-4E67-9632-D9A03BF9D1F4}.Release|x64.ActiveCfg = Release|x64
		{4D3BDB8D-3AA7-4E67-9632-D9A03BF9D1F4}.Release|x64.Build.0 = Release|x64
		{4D3BDB8D-3AA7-4E67-9632-D9A03BF9D1F4}.Release|x64.Deploy.0 = Release|x64
		{4D3BDB8D-3AA7-4E67-9632-D9A03BF9D1F4}.Release|x86.ActiveCfg = Release|x64
		{4D3BDB8D-3AA7-4E67-9632-D9A03BF9D1F4}.Release|x86.Build.0 = Release|x64
		{4D3BDB8D-3AA7-4E67-9632-D9A03BF9D1F4}.Release|x86.Deploy.0 = Release|x64
		{E1AFABF4-BF29-4974-9A14-092F1E1EAA04}.Debug|Any CPU.ActiveCfg = Debug|Any CPU
		{E1AFABF4-BF29-4974-9A14-092F1E1EAA04}.Debug|Any CPU.Build.0 = Debug|Any CPU
		{E1AFABF4-BF29-4974-9A14-092F1E1EAA04}.Debug|Any CPU.Deploy.0 = Debug|Any CPU
		{E1AFABF4-BF29-4974-9A14-092F1E1EAA04}.Debug|ARM.ActiveCfg = Debug|ARM
		{E1AFABF4-BF29-4974-9A14-092F1E1EAA04}.Debug|ARM.Build.0 = Debug|ARM
		{E1AFABF4-BF29-4974-9A14-092F1E1EAA04}.Debug|ARM.Deploy.0 = Debug|ARM
		{E1AFABF4-BF29-4974-9A14-092F1E1EAA04}.Debug|ARM64.ActiveCfg = Debug|ARM64
		{E1AFABF4-BF29-4974-9A14-092F1E1EAA04}.Debug|ARM64.Build.0 = Debug|ARM64
		{E1AFABF4-BF29-4974-9A14-092F1E1EAA04}.Debug|ARM64.Deploy.0 = Debug|ARM64
		{E1AFABF4-BF29-4974-9A14-092F1E1EAA04}.Debug|x64.ActiveCfg = Debug|x64
		{E1AFABF4-BF29-4974-9A14-092F1E1EAA04}.Debug|x64.Build.0 = Debug|x64
		{E1AFABF4-BF29-4974-9A14-092F1E1EAA04}.Debug|x64.Deploy.0 = Debug|x64
		{E1AFABF4-BF29-4974-9A14-092F1E1EAA04}.Debug|x86.ActiveCfg = Debug|x86
		{E1AFABF4-BF29-4974-9A14-092F1E1EAA04}.Debug|x86.Build.0 = Debug|x86
		{E1AFABF4-BF29-4974-9A14-092F1E1EAA04}.Debug|x86.Deploy.0 = Debug|x86
		{E1AFABF4-BF29-4974-9A14-092F1E1EAA04}.Release|Any CPU.ActiveCfg = Release|Any CPU
		{E1AFABF4-BF29-4974-9A14-092F1E1EAA04}.Release|Any CPU.Build.0 = Release|Any CPU
		{E1AFABF4-BF29-4974-9A14-092F1E1EAA04}.Release|Any CPU.Deploy.0 = Release|Any CPU
		{E1AFABF4-BF29-4974-9A14-092F1E1EAA04}.Release|ARM.ActiveCfg = Release|ARM
		{E1AFABF4-BF29-4974-9A14-092F1E1EAA04}.Release|ARM.Build.0 = Release|ARM
		{E1AFABF4-BF29-4974-9A14-092F1E1EAA04}.Release|ARM.Deploy.0 = Release|ARM
		{E1AFABF4-BF29-4974-9A14-092F1E1EAA04}.Release|ARM64.ActiveCfg = Release|ARM64
		{E1AFABF4-BF29-4974-9A14-092F1E1EAA04}.Release|ARM64.Build.0 = Release|ARM64
		{E1AFABF4-BF29-4974-9A14-092F1E1EAA04}.Release|ARM64.Deploy.0 = Release|ARM64
		{E1AFABF4-BF29-4974-9A14-092F1E1EAA04}.Release|x64.ActiveCfg = Release|x64
		{E1AFABF4-BF29-4974-9A14-092F1E1EAA04}.Release|x64.Build.0 = Release|x64
		{E1AFABF4-BF29-4974-9A14-092F1E1EAA04}.Release|x64.Deploy.0 = Release|x64
		{E1AFABF4-BF29-4974-9A14-092F1E1EAA04}.Release|x86.ActiveCfg = Release|x86
		{E1AFABF4-BF29-4974-9A14-092F1E1EAA04}.Release|x86.Build.0 = Release|x86
		{E1AFABF4-BF29-4974-9A14-092F1E1EAA04}.Release|x86.Deploy.0 = Release|x86
		{B2621309-B7B5-47C1-9E64-04295FB71683}.Debug|Any CPU.ActiveCfg = Debug|x64
		{B2621309-B7B5-47C1-9E64-04295FB71683}.Debug|Any CPU.Build.0 = Debug|x64
		{B2621309-B7B5-47C1-9E64-04295FB71683}.Debug|ARM.ActiveCfg = Debug|x64
		{B2621309-B7B5-47C1-9E64-04295FB71683}.Debug|ARM.Build.0 = Debug|x64
		{B2621309-B7B5-47C1-9E64-04295FB71683}.Debug|ARM64.ActiveCfg = Debug|x64
		{B2621309-B7B5-47C1-9E64-04295FB71683}.Debug|ARM64.Build.0 = Debug|x64
		{B2621309-B7B5-47C1-9E64-04295FB71683}.Debug|x64.ActiveCfg = Debug|x64
		{B2621309-B7B5-47C1-9E64-04295FB71683}.Debug|x64.Build.0 = Debug|x64
		{B2621309-B7B5-47C1-9E64-04295FB71683}.Debug|x86.ActiveCfg = Debug|Win32
		{B2621309-B7B5-47C1-9E64-04295FB71683}.Debug|x86.Build.0 = Debug|Win32
		{B2621309-B7B5-47C1-9E64-04295FB71683}.Release|Any CPU.ActiveCfg = Release|x64
		{B2621309-B7B5-47C1-9E64-04295FB71683}.Release|Any CPU.Build.0 = Release|x64
		{B2621309-B7B5-47C1-9E64-04295FB71683}.Release|ARM.ActiveCfg = Release|x64
		{B2621309-B7B5-47C1-9E64-04295FB71683}.Release|ARM.Build.0 = Release|x64
		{B2621309-B7B5-47C1-9E64-04295FB71683}.Release|ARM64.ActiveCfg = Release|x64
		{B2621309-B7B5-47C1-9E64-04295FB71683}.Release|ARM64.Build.0 = Release|x64
		{B2621309-B7B5-47C1-9E64-04295FB71683}.Release|x64.ActiveCfg = Release|x64
		{B2621309-B7B5-47C1-9E64-04295FB71683}.Release|x64.Build.0 = Release|x64
		{B2621309-B7B5-47C1-9E64-04295FB71683}.Release|x86.ActiveCfg = Release|Win32
		{B2621309-B7B5-47C1-9E64-04295FB71683}.Release|x86.Build.0 = Release|Win32
		{3F15D354-3969-47EF-A13E-E20FC584DDBD}.Debug|Any CPU.ActiveCfg = Debug|Any CPU
		{3F15D354-3969-47EF-A13E-E20FC584DDBD}.Debug|Any CPU.Build.0 = Debug|Any CPU
		{3F15D354-3969-47EF-A13E-E20FC584DDBD}.Debug|ARM.ActiveCfg = Debug|Any CPU
		{3F15D354-3969-47EF-A13E-E20FC584DDBD}.Debug|ARM.Build.0 = Debug|Any CPU
		{3F15D354-3969-47EF-A13E-E20FC584DDBD}.Debug|ARM64.ActiveCfg = Debug|Any CPU
		{3F15D354-3969-47EF-A13E-E20FC584DDBD}.Debug|ARM64.Build.0 = Debug|Any CPU
		{3F15D354-3969-47EF-A13E-E20FC584DDBD}.Debug|x64.ActiveCfg = Debug|Any CPU
		{3F15D354-3969-47EF-A13E-E20FC584DDBD}.Debug|x64.Build.0 = Debug|Any CPU
		{3F15D354-3969-47EF-A13E-E20FC584DDBD}.Debug|x86.ActiveCfg = Debug|Any CPU
		{3F15D354-3969-47EF-A13E-E20FC584DDBD}.Debug|x86.Build.0 = Debug|Any CPU
		{3F15D354-3969-47EF-A13E-E20FC584DDBD}.Release|Any CPU.ActiveCfg = Release|Any CPU
		{3F15D354-3969-47EF-A13E-E20FC584DDBD}.Release|Any CPU.Build.0 = Release|Any CPU
		{3F15D354-3969-47EF-A13E-E20FC584DDBD}.Release|ARM.ActiveCfg = Release|Any CPU
		{3F15D354-3969-47EF-A13E-E20FC584DDBD}.Release|ARM.Build.0 = Release|Any CPU
		{3F15D354-3969-47EF-A13E-E20FC584DDBD}.Release|ARM64.ActiveCfg = Release|Any CPU
		{3F15D354-3969-47EF-A13E-E20FC584DDBD}.Release|ARM64.Build.0 = Release|Any CPU
		{3F15D354-3969-47EF-A13E-E20FC584DDBD}.Release|x64.ActiveCfg = Release|Any CPU
		{3F15D354-3969-47EF-A13E-E20FC584DDBD}.Release|x64.Build.0 = Release|Any CPU
		{3F15D354-3969-47EF-A13E-E20FC584DDBD}.Release|x86.ActiveCfg = Release|Any CPU
		{3F15D354-3969-47EF-A13E-E20FC584DDBD}.Release|x86.Build.0 = Release|Any CPU
		{5483BF14-83EE-4023-B1F5-038F38EDFB06}.Debug|Any CPU.ActiveCfg = Debug|Any CPU
		{5483BF14-83EE-4023-B1F5-038F38EDFB06}.Debug|Any CPU.Build.0 = Debug|Any CPU
		{5483BF14-83EE-4023-B1F5-038F38EDFB06}.Debug|ARM.ActiveCfg = Debug|ARM
		{5483BF14-83EE-4023-B1F5-038F38EDFB06}.Debug|ARM.Build.0 = Debug|ARM
		{5483BF14-83EE-4023-B1F5-038F38EDFB06}.Debug|ARM64.ActiveCfg = Debug|ARM64
		{5483BF14-83EE-4023-B1F5-038F38EDFB06}.Debug|ARM64.Build.0 = Debug|ARM64
		{5483BF14-83EE-4023-B1F5-038F38EDFB06}.Debug|x64.ActiveCfg = Debug|x64
		{5483BF14-83EE-4023-B1F5-038F38EDFB06}.Debug|x64.Build.0 = Debug|x64
		{5483BF14-83EE-4023-B1F5-038F38EDFB06}.Debug|x86.ActiveCfg = Debug|x86
		{5483BF14-83EE-4023-B1F5-038F38EDFB06}.Debug|x86.Build.0 = Debug|x86
		{5483BF14-83EE-4023-B1F5-038F38EDFB06}.Release|Any CPU.ActiveCfg = Release|Any CPU
		{5483BF14-83EE-4023-B1F5-038F38EDFB06}.Release|Any CPU.Build.0 = Release|Any CPU
		{5483BF14-83EE-4023-B1F5-038F38EDFB06}.Release|ARM.ActiveCfg = Release|ARM
		{5483BF14-83EE-4023-B1F5-038F38EDFB06}.Release|ARM.Build.0 = Release|ARM
		{5483BF14-83EE-4023-B1F5-038F38EDFB06}.Release|ARM64.ActiveCfg = Release|ARM64
		{5483BF14-83EE-4023-B1F5-038F38EDFB06}.Release|ARM64.Build.0 = Release|ARM64
		{5483BF14-83EE-4023-B1F5-038F38EDFB06}.Release|x64.ActiveCfg = Release|x64
		{5483BF14-83EE-4023-B1F5-038F38EDFB06}.Release|x64.Build.0 = Release|x64
		{5483BF14-83EE-4023-B1F5-038F38EDFB06}.Release|x86.ActiveCfg = Release|x86
		{5483BF14-83EE-4023-B1F5-038F38EDFB06}.Release|x86.Build.0 = Release|x86
		{65E1D383-CDA6-41FE-A391-2BA7644F4AC7}.Debug|Any CPU.ActiveCfg = Debug|x64
		{65E1D383-CDA6-41FE-A391-2BA7644F4AC7}.Debug|Any CPU.Build.0 = Debug|x64
		{65E1D383-CDA6-41FE-A391-2BA7644F4AC7}.Debug|ARM.ActiveCfg = Debug|x64
		{65E1D383-CDA6-41FE-A391-2BA7644F4AC7}.Debug|ARM.Build.0 = Debug|x64
		{65E1D383-CDA6-41FE-A391-2BA7644F4AC7}.Debug|ARM64.ActiveCfg = Debug|x64
		{65E1D383-CDA6-41FE-A391-2BA7644F4AC7}.Debug|ARM64.Build.0 = Debug|x64
		{65E1D383-CDA6-41FE-A391-2BA7644F4AC7}.Debug|x64.ActiveCfg = Debug|x64
		{65E1D383-CDA6-41FE-A391-2BA7644F4AC7}.Debug|x64.Build.0 = Debug|x64
		{65E1D383-CDA6-41FE-A391-2BA7644F4AC7}.Debug|x86.ActiveCfg = Debug|Win32
		{65E1D383-CDA6-41FE-A391-2BA7644F4AC7}.Debug|x86.Build.0 = Debug|Win32
		{65E1D383-CDA6-41FE-A391-2BA7644F4AC7}.Release|Any CPU.ActiveCfg = Release|x64
		{65E1D383-CDA6-41FE-A391-2BA7644F4AC7}.Release|Any CPU.Build.0 = Release|x64
		{65E1D383-CDA6-41FE-A391-2BA7644F4AC7}.Release|ARM.ActiveCfg = Release|x64
		{65E1D383-CDA6-41FE-A391-2BA7644F4AC7}.Release|ARM.Build.0 = Release|x64
		{65E1D383-CDA6-41FE-A391-2BA7644F4AC7}.Release|ARM64.ActiveCfg = Release|x64
		{65E1D383-CDA6-41FE-A391-2BA7644F4AC7}.Release|ARM64.Build.0 = Release|x64
		{65E1D383-CDA6-41FE-A391-2BA7644F4AC7}.Release|x64.ActiveCfg = Release|x64
		{65E1D383-CDA6-41FE-A391-2BA7644F4AC7}.Release|x64.Build.0 = Release|x64
		{65E1D383-CDA6-41FE-A391-2BA7644F4AC7}.Release|x86.ActiveCfg = Release|Win32
		{65E1D383-CDA6-41FE-A391-2BA7644F4AC7}.Release|x86.Build.0 = Release|Win32
	EndGlobalSection
	GlobalSection(SolutionProperties) = preSolution
		HideSolutionNode = FALSE
	EndGlobalSection
	GlobalSection(NestedProjects) = preSolution
		{4D3BDB8D-3AA7-4E67-9632-D9A03BF9D1F4} = {EA9476F1-A309-47BE-A607-34DE3E2664FD}
		{E1AFABF4-BF29-4974-9A14-092F1E1EAA04} = {EA9476F1-A309-47BE-A607-34DE3E2664FD}
		{B2621309-B7B5-47C1-9E64-04295FB71683} = {EA9476F1-A309-47BE-A607-34DE3E2664FD}
		{3F15D354-3969-47EF-A13E-E20FC584DDBD} = {EA9476F1-A309-47BE-A607-34DE3E2664FD}
		{5483BF14-83EE-4023-B1F5-038F38EDFB06} = {EA9476F1-A309-47BE-A607-34DE3E2664FD}
		{65E1D383-CDA6-41FE-A391-2BA7644F4AC7} = {EA9476F1-A309-47BE-A607-34DE3E2664FD}
	EndGlobalSection
	GlobalSection(ExtensibilityGlobals) = postSolution
		SolutionGuid = {FDBF7CA7-A009-484D-8085-BDB9930FE9BA}
	EndGlobalSection
EndGlobal
