<?xml version="1.0" encoding="utf-8"?>
<Project ToolsVersion="4.0" xmlns="http://schemas.microsoft.com/developer/msbuild/2003">
  <ItemGroup>
    <Filter Include="Private">
      <UniqueIdentifier>{4FC737F1-C7A5-4376-A066-2A32D752A2FF}</UniqueIdentifier>
      <Extensions>cpp;c;cc;cxx;c++;cppm;ixx;def;odl;idl;hpj;bat;asm;asmx</Extensions>
    </Filter>
    <Filter Include="Public">
      <UniqueIdentifier>{0ee351c3-2210-4656-b5f6-4f972f4c656f}</UniqueIdentifier>
    </Filter>
  </ItemGroup>
  <ItemGroup>
    <ClCompile Include="Steroids Core.cpp">
      <Filter>Private</Filter>
    </ClCompile>
    <ClCompile Include="SteroidsFunction.h">
      <Filter>Public</Filter>
    </ClCompile>
  </ItemGroup>
  <ItemGroup>
    <ClInclude Include="Steroids Core.h">
      <Filter>Public</Filter>
    </ClInclude>
    <ClInclude Include="SteroidsFunctionCode.h">
      <Filter>Public</Filter>
    </ClInclude>
  </ItemGroup>
</Project>