<?xml version="1.0" encoding="utf-8"?>
<Project ToolsVersion="4.0" xmlns="http://schemas.microsoft.com/developer/msbuild/2003">
  <ItemGroup>
    <Filter Include="Source">
      <UniqueIdentifier>{6d4c49f7-8994-4d60-a339-b1d358c64b60}</UniqueIdentifier>
    </Filter>
    <Filter Include="Source\Steroids">
      <UniqueIdentifier>{daa765df-140a-4238-9090-3658ffceb8ed}</UniqueIdentifier>
    </Filter>
    <Filter Include="Source\Steroids\Public">
      <UniqueIdentifier>{41befa1f-a4ca-47aa-b3b1-cf81b27e8226}</UniqueIdentifier>
    </Filter>
    <Filter Include="Source\Steroids\Public\Bootstrap">
      <UniqueIdentifier>{21c55f15-9118-48b9-baf2-dcd4d0e2b027}</UniqueIdentifier>
    </Filter>
    <Filter Include="Source\Steroids\Public\Transmit">
      <UniqueIdentifier>{75cbbc5f-6014-4500-8b9a-ee06dcc8be58}</UniqueIdentifier>
    </Filter>
    <Filter Include="Source\Steroids\Private">
      <UniqueIdentifier>{8E41214B-6785-4CFE-B992-037D68949A14}</UniqueIdentifier>
      <Extensions>inf;inv;inx;mof;mc;</Extensions>
    </Filter>
    <Filter Include="Source\Steroids\Private\Bootstrap">
      <UniqueIdentifier>{4beca795-c14f-40d4-96c1-efad84047353}</UniqueIdentifier>
    </Filter>
    <Filter Include="Source\Steroids\Private\Transmit">
      <UniqueIdentifier>{d9e48ced-50b8-4178-8e47-e7ef084784f5}</UniqueIdentifier>
    </Filter>
    <Filter Include="Source\Steroids\Public\Process">
      <UniqueIdentifier>{1b75f7ce-7cdd-4177-bd85-948098317047}</UniqueIdentifier>
    </Filter>
    <Filter Include="Source\Steroids\Private\Process">
      <UniqueIdentifier>{f3863afa-350a-4c5b-815d-86d84679f40d}</UniqueIdentifier>
    </Filter>
    <Filter Include="Source\Steroids\Private\Core">
      <UniqueIdentifier>{90932388-95de-411d-bde1-848540aac8b4}</UniqueIdentifier>
    </Filter>
    <Filter Include="Source\Steroids\Public\Core">
      <UniqueIdentifier>{1ffe27a6-21cd-4172-ba55-4fff36614fb4}</UniqueIdentifier>
    </Filter>
    <Filter Include="Source\Steroids\Public\Utility">
      <UniqueIdentifier>{d39754e4-12f4-4618-9f22-ee4b21018bcd}</UniqueIdentifier>
    </Filter>
    <Filter Include="Source\Steroids\Private\Utility">
      <UniqueIdentifier>{3c989def-d3eb-43f0-8e6a-1393223ca8a3}</UniqueIdentifier>
    </Filter>
    <Filter Include="Source\Steroids\Public\Utility\Result">
      <UniqueIdentifier>{a198ea12-fef8-4f01-a661-64544d32dd2c}</UniqueIdentifier>
    </Filter>
    <Filter Include="Source\Steroids\Private\Utility\Result">
      <UniqueIdentifier>{914a607b-ae4f-499c-9a44-c6ff8c5d8ef0}</UniqueIdentifier>
    </Filter>
    <Filter Include="Source\Steroids\Private\Utility\AVLTree">
      <UniqueIdentifier>{9c231b41-25e6-464b-91e6-21ac0dbca1e3}</UniqueIdentifier>
    </Filter>
    <Filter Include="Source\Steroids\Public\Utility\AVLTree">
      <UniqueIdentifier>{7c28585e-c426-42bd-8b4a-59d718318000}</UniqueIdentifier>
    </Filter>
    <Filter Include="Source\Steroids\Private\Secure">
      <UniqueIdentifier>{a831ca19-4a63-4c24-a934-10b58b754cde}</UniqueIdentifier>
    </Filter>
    <Filter Include="Source\Steroids\Public\Secure">
      <UniqueIdentifier>{7a45ff7d-5b46-4065-bcee-dc94cd5986d0}</UniqueIdentifier>
    </Filter>
    <Filter Include="Source\Steroids\Public\Secure\CRC32">
      <UniqueIdentifier>{14ac71ae-11bd-4fd6-aaa3-e07ca0575987}</UniqueIdentifier>
    </Filter>
    <Filter Include="Source\Steroids\Private\Secure\CRC32">
      <UniqueIdentifier>{f1d0971f-fe1a-4309-848b-eb88491dcc4a}</UniqueIdentifier>
    </Filter>
    <Filter Include="Source\Steroids\Private\Secure\MemoryIntegrity">
      <UniqueIdentifier>{4a980d92-5f92-4063-9ec8-a66f4a77d75c}</UniqueIdentifier>
    </Filter>
    <Filter Include="Source\Steroids\Public\Secure\MemoryIntegrity">
      <UniqueIdentifier>{e0d424b5-86ab-4e1c-9055-25a1038d69e7}</UniqueIdentifier>
    </Filter>
  </ItemGroup>
  <ItemGroup>
    <ClCompile Include="Source\Steroids\Private\Bootstrap\Bootstrap.cpp">
      <Filter>Source\Steroids\Private\Bootstrap</Filter>
    </ClCompile>
    <ClCompile Include="Source\Steroids\Private\DriverEntry.cpp">
      <Filter>Source\Steroids\Private</Filter>
    </ClCompile>
    <ClCompile Include="Source\Steroids\Private\Transmit\Transmit.cpp">
      <Filter>Source\Steroids\Private\Transmit</Filter>
    </ClCompile>
    <ClCompile Include="Source\Steroids\Private\Process\Process.cpp">
      <Filter>Source\Steroids\Private\Process</Filter>
    </ClCompile>
    <ClCompile Include="Source\Steroids\Private\Utility\AVLTree\AVLTree.cpp">
      <Filter>Source\Steroids\Private\Utility\AVLTree</Filter>
    </ClCompile>
    <ClCompile Include="Source\Steroids\Private\Secure\CRC32\CRC32.cpp">
      <Filter>Source\Steroids\Private\Secure\CRC32</Filter>
    </ClCompile>
    <ClCompile Include="Source\Steroids\Private\Secure\MemoryIntegrity\MemoryIntegrity.cpp">
      <Filter>Source\Steroids\Private\Secure\MemoryIntegrity</Filter>
    </ClCompile>
    <ClCompile Include="Source\Steroids\Private\Utility\Result\Result.cpp">
      <Filter>Source\Steroids\Private\Utility\Result</Filter>
    </ClCompile>
    <ClCompile Include="Source\Steroids\Private\Core\Core.cpp">
      <Filter>Source\Steroids\Private\Core</Filter>
    </ClCompile>
  </ItemGroup>
  <ItemGroup>
    <ClInclude Include="Source\Steroids\Public\DriverEntry.h">
      <Filter>Source\Steroids\Public</Filter>
    </ClInclude>
    <ClInclude Include="Source\Steroids\Public\Bootstrap\Bootstrap.h">
      <Filter>Source\Steroids\Public\Bootstrap</Filter>
    </ClInclude>
    <ClInclude Include="Source\Steroids\Public\Transmit\Transmit.h">
      <Filter>Source\Steroids\Public\Transmit</Filter>
    </ClInclude>
    <ClInclude Include="Source\Steroids\Public\Process\Process.h">
      <Filter>Source\Steroids\Public\Process</Filter>
    </ClInclude>
    <ClInclude Include="Source\Steroids\Public\Result\Result.h">
      <Filter>Source\Steroids\Public\Utility\Result</Filter>
    </ClInclude>
    <ClInclude Include="Source\Steroids\Public\Core\Core.h">
      <Filter>Source\Steroids\Public\Core</Filter>
    </ClInclude>
    <ClInclude Include="Source\Steroids\Public\Utility\AVLTree\AVLTree.h">
      <Filter>Source\Steroids\Public\Utility\AVLTree</Filter>
    </ClInclude>
    <ClInclude Include="Source\Steroids\Public\Secure\CRC32\CRC32.h">
      <Filter>Source\Steroids\Public\Secure\CRC32</Filter>
    </ClInclude>
    <ClInclude Include="Source\Steroids\Public\Secure\MemoryIntegrity\MemoryIntegrity.h">
      <Filter>Source\Steroids\Public\Secure\MemoryIntegrity</Filter>
    </ClInclude>
  </ItemGroup>
</Project>